
Microsoft Visual Studio Solution File, Format Version 12.00
# Visual Studio Version 17
VisualStudioVersion = 17.0.31903.59
MinimumVisualStudioVersion = 10.0.40219.1
Project("{FAE04EC0-301F-11D3-BF4B-00C04F79EFBC}") = "Infrastructure", "Infrastructure\Infrastructure.csproj", "{EFD30B23-C104-4ADB-B6F0-CD7E024E2706}"
EndProject
Project("{FAE04EC0-301F-11D3-BF4B-00C04F79EFBC}") = "Domain", "Domain\Domain.csproj", "{360C4FE4-A46D-432B-8AB3-5A2F217D7FA3}"
EndProject
Project("{FAE04EC0-301F-11D3-BF4B-00C04F79EFBC}") = "BlazorUI", "BlazorUI\BlazorUI.csproj", "{20A9BBAE-0651-4C34-988C-EBA02EA86FEA}"
EndProject
Global
	GlobalSection(SolutionConfigurationPlatforms) = preSolution
		Debug|Any CPU = Debug|Any CPU
		Release|Any CPU = Release|Any CPU
	EndGlobalSection
	GlobalSection(SolutionProperties) = preSolution
		HideSolutionNode = FALSE
	EndGlobalSection
	GlobalSection(ProjectConfigurationPlatforms) = postSolution
		{EFD30B23-C104-4ADB-B6F0-CD7E024E2706}.Debug|Any CPU.ActiveCfg = Debug|Any CPU
		{EFD30B23-C104-4ADB-B6F0-CD7E024E2706}.Debug|Any CPU.Build.0 = Debug|Any CPU
		{EFD30B23-C104-4ADB-B6F0-CD7E024E2706}.Release|Any CPU.ActiveCfg = Release|Any CPU
		{EFD30B23-C104-4ADB-B6F0-CD7E024E2706}.Release|Any CPU.Build.0 = Release|Any CPU
		{360C4FE4-A46D-432B-8AB3-5A2F217D7FA3}.Debug|Any CPU.ActiveCfg = Debug|Any CPU
		{360C4FE4-A46D-432B-8AB3-5A2F217D7FA3}.Debug|Any CPU.Build.0 = Debug|Any CPU
		{360C4FE4-A46D-432B-8AB3-5A2F217D7FA3}.Release|Any CPU.ActiveCfg = Release|Any CPU
		{360C4FE4-A46D-432B-8AB3-5A2F217D7FA3}.Release|Any CPU.Build.0 = Release|Any CPU
		{20A9BBAE-0651-4C34-988C-EBA02EA86FEA}.Debug|Any CPU.ActiveCfg = Debug|Any CPU
		{20A9BBAE-0651-4C34-988C-EBA02EA86FEA}.Debug|Any CPU.Build.0 = Debug|Any CPU
		{20A9BBAE-0651-4C34-988C-EBA02EA86FEA}.Release|Any CPU.ActiveCfg = Release|Any CPU
		{20A9BBAE-0651-4C34-988C-EBA02EA86FEA}.Release|Any CPU.Build.0 = Release|Any CPU
	EndGlobalSection
EndGlobal
